
Microsoft Visual Studio Solution File, Format Version 12.00
# Visual Studio Version 16
VisualStudioVersion = 16.0.30804.86
MinimumVisualStudioVersion = 10.0.40219.1
Project("{2150E333-8FDC-42A3-9474-1A3956D46DE8}") = "src", "src", "{79A42B8B-BE07-48B4-96C0-9E8C448E810A}"
EndProject
Project("{2150E333-8FDC-42A3-9474-1A3956D46DE8}") = "Building Blocks", "Building Blocks", "{D89964B9-2305-45D1-8F97-FF5A8482967F}"
EndProject
Project("{2150E333-8FDC-42A3-9474-1A3956D46DE8}") = "Services", "Services", "{FB9B2C94-CF78-49D3-8571-406BE15382DD}"
EndProject
Project("{2150E333-8FDC-42A3-9474-1A3956D46DE8}") = "Web", "Web", "{903A5AF7-D10C-4DE0-BF48-9664A49CE84E}"
EndProject
Project("{2150E333-8FDC-42A3-9474-1A3956D46DE8}") = "Identidade", "Identidade", "{1D1ACC26-1494-43B6-BABE-E7E86163E094}"
EndProject
Project("{2150E333-8FDC-42A3-9474-1A3956D46DE8}") = "MVC", "MVC", "{FE15AAA0-3B36-4DD4-BA7A-A0BDEB7D2FDB}"
EndProject
Project("{9A19103F-16F7-4668-BE54-9A1E7A4F7556}") = "NSE.WebApp", "src\web\NSE.WebApp\NSE.WebApp.csproj", "{00D52DF7-DBD1-4454-BE73-934D8BAE3A5F}"
EndProject
Project("{9A19103F-16F7-4668-BE54-9A1E7A4F7556}") = "NSE.Identidade", "src\services\NSE.Identidade\NSE.Identidade.csproj", "{4A2D4F11-4FCE-4C94-AC8A-2D573F67DFD4}"
EndProject
Project("{2150E333-8FDC-42A3-9474-1A3956D46DE8}") = "Core", "Core", "{E07272B1-4DCD-4D60-A5EE-1F2EABFE267F}"
EndProject
Project("{9A19103F-16F7-4668-BE54-9A1E7A4F7556}") = "NSE.Core", "src\building blocks\NSE.Core\NSE.Core.csproj", "{13CB2F83-0D56-4836-8033-ED76187B3C17}"
EndProject
Project("{2150E333-8FDC-42A3-9474-1A3956D46DE8}") = "Carrinho", "Carrinho", "{4A1844B2-613C-42C0-9B72-5F4319888DDC}"
EndProject
Project("{2150E333-8FDC-42A3-9474-1A3956D46DE8}") = "Catalogo", "Catalogo", "{89BF3664-3499-4E69-9DDE-2E452090F243}"
EndProject
Project("{2150E333-8FDC-42A3-9474-1A3956D46DE8}") = "Cliente", "Cliente", "{9C1989B5-8464-4E9B-9287-F6175A6308A0}"
EndProject
Project("{2150E333-8FDC-42A3-9474-1A3956D46DE8}") = "Pagamento", "Pagamento", "{37B9695F-1005-4632-981B-56E754A0CAE5}"
EndProject
Project("{2150E333-8FDC-42A3-9474-1A3956D46DE8}") = "Pedido", "Pedido", "{F9CA25A3-9D0F-4B6D-A2F0-E452FB6FCFB9}"
EndProject
Project("{9A19103F-16F7-4668-BE54-9A1E7A4F7556}") = "NSE.Carrinho", "src\services\NSE.Carrinho\NSE.Carrinho.csproj", "{EB0C9710-FCA7-4637-92FC-0ADB5683817F}"
EndProject
Project("{9A19103F-16F7-4668-BE54-9A1E7A4F7556}") = "NSE.Catalogo", "src\services\NSE.Catalogo\NSE.Catalogo.csproj", "{171DDCA3-77C5-47C3-B577-7E2620194E7E}"
EndProject
Project("{2150E333-8FDC-42A3-9474-1A3956D46DE8}") = "Services", "Services", "{D32A2BFE-9EDE-4804-8365-8E89A3DAF511}"
EndProject
Project("{9A19103F-16F7-4668-BE54-9A1E7A4F7556}") = "NSE.WebAPI.Core", "src\building blocks\NSE.WebAPI.Core\NSE.WebAPI.Core.csproj", "{02198A4F-D060-4356-AF49-93FC9553D9AA}"
EndProject
Project("{9A19103F-16F7-4668-BE54-9A1E7A4F7556}") = "NSE.Clientes", "src\services\NSE.Clientes\NSE.Clientes.csproj", "{C8EC7B7A-D48D-4D44-8A06-D4035639CBC3}"
EndProject
Project("{2150E333-8FDC-42A3-9474-1A3956D46DE8}") = "MessageBus", "MessageBus", "{C4A280DE-AD9D-44FE-8F3A-997A91F7BABA}"
EndProject
Project("{9A19103F-16F7-4668-BE54-9A1E7A4F7556}") = "NSE.MessageBus", "src\building blocks\NSE.MessageBus\NSE.MessageBus.csproj", "{99A09B7C-CA2D-4E7D-9E86-2A1D119B737F}"
EndProject
Project("{2150E333-8FDC-42A3-9474-1A3956D46DE8}") = "ApiGateways", "ApiGateways", "{6D227B30-5646-481F-8AAD-4570BE4ABE85}"
EndProject
Project("{2150E333-8FDC-42A3-9474-1A3956D46DE8}") = "Compras", "Compras", "{E2B32D0A-40EB-4AFA-957F-7D9A3311D1C9}"
EndProject
Project("{9A19103F-16F7-4668-BE54-9A1E7A4F7556}") = "NSE.Bff.Compras", "src\api gateways\NSE.Bff.Compras\NSE.Bff.Compras.csproj", "{BA6543D9-8997-40FE-9B4D-73A88D8658C6}"
EndProject
Project("{9A19103F-16F7-4668-BE54-9A1E7A4F7556}") = "NSE.Pedidos.Domain", "src\services\NSE.Pedidos.Domain\NSE.Pedidos.Domain.csproj", "{5A3F5F83-2065-4C98-BF5E-E8FBAAE4937F}"
EndProject
Project("{9A19103F-16F7-4668-BE54-9A1E7A4F7556}") = "NSE.Pedidos", "src\services\NSE.Pedidos\NSE.Pedidos.csproj", "{FF94D881-250A-4B30-8A93-06C83EEF0B35}"
EndProject
Project("{9A19103F-16F7-4668-BE54-9A1E7A4F7556}") = "NSE.Pedidos.Infra", "src\services\NSE.Pedidos.Infra\NSE.Pedidos.Infra.csproj", "{734357CD-344F-477D-8D46-86B25F4CABB1}"
EndProject
Project("{9A19103F-16F7-4668-BE54-9A1E7A4F7556}") = "NSE.Pagamentos", "src\services\NSE.Pagamentos\NSE.Pagamentos.csproj", "{EB73A4D5-DE83-473B-A8F8-913C08FE73C8}"
EndProject
Project("{9A19103F-16F7-4668-BE54-9A1E7A4F7556}") = "NSE.Pagamentos.NerdsPag", "src\services\NSE.Pagamentos.NerdsPag\NSE.Pagamentos.NerdsPag.csproj", "{BAD157E4-E217-43A8-852A-B1D6A071561B}"
EndProject
Global
	GlobalSection(SolutionConfigurationPlatforms) = preSolution
		Debug|Any CPU = Debug|Any CPU
		Release|Any CPU = Release|Any CPU
	EndGlobalSection
	GlobalSection(ProjectConfigurationPlatforms) = postSolution
		{00D52DF7-DBD1-4454-BE73-934D8BAE3A5F}.Debug|Any CPU.ActiveCfg = Debug|Any CPU
		{00D52DF7-DBD1-4454-BE73-934D8BAE3A5F}.Debug|Any CPU.Build.0 = Debug|Any CPU
		{00D52DF7-DBD1-4454-BE73-934D8BAE3A5F}.Release|Any CPU.ActiveCfg = Release|Any CPU
		{00D52DF7-DBD1-4454-BE73-934D8BAE3A5F}.Release|Any CPU.Build.0 = Release|Any CPU
		{4A2D4F11-4FCE-4C94-AC8A-2D573F67DFD4}.Debug|Any CPU.ActiveCfg = Debug|Any CPU
		{4A2D4F11-4FCE-4C94-AC8A-2D573F67DFD4}.Debug|Any CPU.Build.0 = Debug|Any CPU
		{4A2D4F11-4FCE-4C94-AC8A-2D573F67DFD4}.Release|Any CPU.ActiveCfg = Release|Any CPU
		{4A2D4F11-4FCE-4C94-AC8A-2D573F67DFD4}.Release|Any CPU.Build.0 = Release|Any CPU
		{13CB2F83-0D56-4836-8033-ED76187B3C17}.Debug|Any CPU.ActiveCfg = Debug|Any CPU
		{13CB2F83-0D56-4836-8033-ED76187B3C17}.Debug|Any CPU.Build.0 = Debug|Any CPU
		{13CB2F83-0D56-4836-8033-ED76187B3C17}.Release|Any CPU.ActiveCfg = Release|Any CPU
		{13CB2F83-0D56-4836-8033-ED76187B3C17}.Release|Any CPU.Build.0 = Release|Any CPU
		{EB0C9710-FCA7-4637-92FC-0ADB5683817F}.Debug|Any CPU.ActiveCfg = Debug|Any CPU
		{EB0C9710-FCA7-4637-92FC-0ADB5683817F}.Debug|Any CPU.Build.0 = Debug|Any CPU
		{EB0C9710-FCA7-4637-92FC-0ADB5683817F}.Release|Any CPU.ActiveCfg = Release|Any CPU
		{EB0C9710-FCA7-4637-92FC-0ADB5683817F}.Release|Any CPU.Build.0 = Release|Any CPU
		{171DDCA3-77C5-47C3-B577-7E2620194E7E}.Debug|Any CPU.ActiveCfg = Debug|Any CPU
		{171DDCA3-77C5-47C3-B577-7E2620194E7E}.Debug|Any CPU.Build.0 = Debug|Any CPU
		{171DDCA3-77C5-47C3-B577-7E2620194E7E}.Release|Any CPU.ActiveCfg = Release|Any CPU
		{171DDCA3-77C5-47C3-B577-7E2620194E7E}.Release|Any CPU.Build.0 = Release|Any CPU
		{02198A4F-D060-4356-AF49-93FC9553D9AA}.Debug|Any CPU.ActiveCfg = Debug|Any CPU
		{02198A4F-D060-4356-AF49-93FC9553D9AA}.Debug|Any CPU.Build.0 = Debug|Any CPU
		{02198A4F-D060-4356-AF49-93FC9553D9AA}.Release|Any CPU.ActiveCfg = Release|Any CPU
		{02198A4F-D060-4356-AF49-93FC9553D9AA}.Release|Any CPU.Build.0 = Release|Any CPU
		{C8EC7B7A-D48D-4D44-8A06-D4035639CBC3}.Debug|Any CPU.ActiveCfg = Debug|Any CPU
		{C8EC7B7A-D48D-4D44-8A06-D4035639CBC3}.Debug|Any CPU.Build.0 = Debug|Any CPU
		{C8EC7B7A-D48D-4D44-8A06-D4035639CBC3}.Release|Any CPU.ActiveCfg = Release|Any CPU
		{C8EC7B7A-D48D-4D44-8A06-D4035639CBC3}.Release|Any CPU.Build.0 = Release|Any CPU
		{99A09B7C-CA2D-4E7D-9E86-2A1D119B737F}.Debug|Any CPU.ActiveCfg = Debug|Any CPU
		{99A09B7C-CA2D-4E7D-9E86-2A1D119B737F}.Debug|Any CPU.Build.0 = Debug|Any CPU
		{99A09B7C-CA2D-4E7D-9E86-2A1D119B737F}.Release|Any CPU.ActiveCfg = Release|Any CPU
		{99A09B7C-CA2D-4E7D-9E86-2A1D119B737F}.Release|Any CPU.Build.0 = Release|Any CPU
		{BA6543D9-8997-40FE-9B4D-73A88D8658C6}.Debug|Any CPU.ActiveCfg = Debug|Any CPU
		{BA6543D9-8997-40FE-9B4D-73A88D8658C6}.Debug|Any CPU.Build.0 = Debug|Any CPU
		{BA6543D9-8997-40FE-9B4D-73A88D8658C6}.Release|Any CPU.ActiveCfg = Release|Any CPU
		{BA6543D9-8997-40FE-9B4D-73A88D8658C6}.Release|Any CPU.Build.0 = Release|Any CPU
		{5A3F5F83-2065-4C98-BF5E-E8FBAAE4937F}.Debug|Any CPU.ActiveCfg = Debug|Any CPU
		{5A3F5F83-2065-4C98-BF5E-E8FBAAE4937F}.Debug|Any CPU.Build.0 = Debug|Any CPU
		{5A3F5F83-2065-4C98-BF5E-E8FBAAE4937F}.Release|Any CPU.ActiveCfg = Release|Any CPU
		{5A3F5F83-2065-4C98-BF5E-E8FBAAE4937F}.Release|Any CPU.Build.0 = Release|Any CPU
		{FF94D881-250A-4B30-8A93-06C83EEF0B35}.Debug|Any CPU.ActiveCfg = Debug|Any CPU
		{FF94D881-250A-4B30-8A93-06C83EEF0B35}.Debug|Any CPU.Build.0 = Debug|Any CPU
		{FF94D881-250A-4B30-8A93-06C83EEF0B35}.Release|Any CPU.ActiveCfg = Release|Any CPU
		{FF94D881-250A-4B30-8A93-06C83EEF0B35}.Release|Any CPU.Build.0 = Release|Any CPU
		{734357CD-344F-477D-8D46-86B25F4CABB1}.Debug|Any CPU.ActiveCfg = Debug|Any CPU
		{734357CD-344F-477D-8D46-86B25F4CABB1}.Debug|Any CPU.Build.0 = Debug|Any CPU
		{734357CD-344F-477D-8D46-86B25F4CABB1}.Release|Any CPU.ActiveCfg = Release|Any CPU
		{734357CD-344F-477D-8D46-86B25F4CABB1}.Release|Any CPU.Build.0 = Release|Any CPU
		{EB73A4D5-DE83-473B-A8F8-913C08FE73C8}.Debug|Any CPU.ActiveCfg = Debug|Any CPU
		{EB73A4D5-DE83-473B-A8F8-913C08FE73C8}.Debug|Any CPU.Build.0 = Debug|Any CPU
		{EB73A4D5-DE83-473B-A8F8-913C08FE73C8}.Release|Any CPU.ActiveCfg = Release|Any CPU
		{EB73A4D5-DE83-473B-A8F8-913C08FE73C8}.Release|Any CPU.Build.0 = Release|Any CPU
		{BAD157E4-E217-43A8-852A-B1D6A071561B}.Debug|Any CPU.ActiveCfg = Debug|Any CPU
		{BAD157E4-E217-43A8-852A-B1D6A071561B}.Debug|Any CPU.Build.0 = Debug|Any CPU
		{BAD157E4-E217-43A8-852A-B1D6A071561B}.Release|Any CPU.ActiveCfg = Release|Any CPU
		{BAD157E4-E217-43A8-852A-B1D6A071561B}.Release|Any CPU.Build.0 = Release|Any CPU
	EndGlobalSection
	GlobalSection(SolutionProperties) = preSolution
		HideSolutionNode = FALSE
	EndGlobalSection
	GlobalSection(NestedProjects) = preSolution
		{D89964B9-2305-45D1-8F97-FF5A8482967F} = {79A42B8B-BE07-48B4-96C0-9E8C448E810A}
		{FB9B2C94-CF78-49D3-8571-406BE15382DD} = {79A42B8B-BE07-48B4-96C0-9E8C448E810A}
		{903A5AF7-D10C-4DE0-BF48-9664A49CE84E} = {79A42B8B-BE07-48B4-96C0-9E8C448E810A}
		{1D1ACC26-1494-43B6-BABE-E7E86163E094} = {FB9B2C94-CF78-49D3-8571-406BE15382DD}
		{FE15AAA0-3B36-4DD4-BA7A-A0BDEB7D2FDB} = {903A5AF7-D10C-4DE0-BF48-9664A49CE84E}
		{00D52DF7-DBD1-4454-BE73-934D8BAE3A5F} = {FE15AAA0-3B36-4DD4-BA7A-A0BDEB7D2FDB}
		{4A2D4F11-4FCE-4C94-AC8A-2D573F67DFD4} = {1D1ACC26-1494-43B6-BABE-E7E86163E094}
		{E07272B1-4DCD-4D60-A5EE-1F2EABFE267F} = {D89964B9-2305-45D1-8F97-FF5A8482967F}
		{13CB2F83-0D56-4836-8033-ED76187B3C17} = {E07272B1-4DCD-4D60-A5EE-1F2EABFE267F}
		{4A1844B2-613C-42C0-9B72-5F4319888DDC} = {FB9B2C94-CF78-49D3-8571-406BE15382DD}
		{89BF3664-3499-4E69-9DDE-2E452090F243} = {FB9B2C94-CF78-49D3-8571-406BE15382DD}
		{9C1989B5-8464-4E9B-9287-F6175A6308A0} = {FB9B2C94-CF78-49D3-8571-406BE15382DD}
		{37B9695F-1005-4632-981B-56E754A0CAE5} = {FB9B2C94-CF78-49D3-8571-406BE15382DD}
		{F9CA25A3-9D0F-4B6D-A2F0-E452FB6FCFB9} = {FB9B2C94-CF78-49D3-8571-406BE15382DD}
		{EB0C9710-FCA7-4637-92FC-0ADB5683817F} = {4A1844B2-613C-42C0-9B72-5F4319888DDC}
		{171DDCA3-77C5-47C3-B577-7E2620194E7E} = {89BF3664-3499-4E69-9DDE-2E452090F243}
		{D32A2BFE-9EDE-4804-8365-8E89A3DAF511} = {D89964B9-2305-45D1-8F97-FF5A8482967F}
		{02198A4F-D060-4356-AF49-93FC9553D9AA} = {D32A2BFE-9EDE-4804-8365-8E89A3DAF511}
		{C8EC7B7A-D48D-4D44-8A06-D4035639CBC3} = {9C1989B5-8464-4E9B-9287-F6175A6308A0}
		{C4A280DE-AD9D-44FE-8F3A-997A91F7BABA} = {D89964B9-2305-45D1-8F97-FF5A8482967F}
		{99A09B7C-CA2D-4E7D-9E86-2A1D119B737F} = {C4A280DE-AD9D-44FE-8F3A-997A91F7BABA}
		{6D227B30-5646-481F-8AAD-4570BE4ABE85} = {79A42B8B-BE07-48B4-96C0-9E8C448E810A}
		{E2B32D0A-40EB-4AFA-957F-7D9A3311D1C9} = {6D227B30-5646-481F-8AAD-4570BE4ABE85}
		{BA6543D9-8997-40FE-9B4D-73A88D8658C6} = {E2B32D0A-40EB-4AFA-957F-7D9A3311D1C9}
		{5A3F5F83-2065-4C98-BF5E-E8FBAAE4937F} = {F9CA25A3-9D0F-4B6D-A2F0-E452FB6FCFB9}
		{FF94D881-250A-4B30-8A93-06C83EEF0B35} = {F9CA25A3-9D0F-4B6D-A2F0-E452FB6FCFB9}
		{734357CD-344F-477D-8D46-86B25F4CABB1} = {F9CA25A3-9D0F-4B6D-A2F0-E452FB6FCFB9}
		{EB73A4D5-DE83-473B-A8F8-913C08FE73C8} = {37B9695F-1005-4632-981B-56E754A0CAE5}
		{BAD157E4-E217-43A8-852A-B1D6A071561B} = {37B9695F-1005-4632-981B-56E754A0CAE5}
	EndGlobalSection
	GlobalSection(ExtensibilityGlobals) = postSolution
		SolutionGuid = {46206F5E-C088-45C3-B6DA-A1B63824D1B0}
	EndGlobalSection
EndGlobal
